
Microsoft Visual Studio Solution File, Format Version 12.00
# Visual Studio Version 16
VisualStudioVersion = 16.0.31410.357
MinimumVisualStudioVersion = 10.0.40219.1
Project("{FAE04EC0-301F-11D3-BF4B-00C04F79EFBC}") = "HelloWorldGUI", "HelloWorldGUI\HelloWorldGUI.csproj", "{36C7D1CD-B18E-4596-A63C-2FC28E5A82EE}"
EndProject
Global
	GlobalSection(SolutionConfigurationPlatforms) = preSolution
		Debug|Any CPU = Debug|Any CPU
		Release|Any CPU = Release|Any CPU
	EndGlobalSection
	GlobalSection(ProjectConfigurationPlatforms) = postSolution
		{36C7D1CD-B18E-4596-A63C-2FC28E5A82EE}.Debug|Any CPU.ActiveCfg = Debug|Any CPU
		{36C7D1CD-B18E-4596-A63C-2FC28E5A82EE}.Debug|Any CPU.Build.0 = Debug|Any CPU
		{36C7D1CD-B18E-4596-A63C-2FC28E5A82EE}.Release|Any CPU.ActiveCfg = Release|Any CPU
		{36C7D1CD-B18E-4596-A63C-2FC28E5A82EE}.Release|Any CPU.Build.0 = Release|Any CPU
	EndGlobalSection
	GlobalSection(SolutionProperties) = preSolution
		HideSolutionNode = FALSE
	EndGlobalSection
	GlobalSection(ExtensibilityGlobals) = postSolution
		SolutionGuid = {4554FD06-4A75-48F8-BFFC-7154F131D44B}
	EndGlobalSection
EndGlobal
